// !$*UTF8*$!
{
	archiveVersion = 1;
	classes = {
	};
	objectVersion = 77;
	objects = {

/* Begin PBXBuildFile section */
		42CF0D542DDC2F4B00F2402D /* Entity+CoreDataProperties.swift in Sources */ = {isa = PBXBuildFile; fileRef = 42CF0D532DDC2F4B00F2402D /* Entity+CoreDataProperties.swift */; };
		42CF0D552DDC2F4B00F2402D /* Entity+CoreDataClass.swift in Sources */ = {isa = PBXBuildFile; fileRef = 42CF0D522DDC2F4B00F2402D /* Entity+CoreDataClass.swift */; };
/* End PBXBuildFile section */

/* Begin PBXContainerItemProxy section */
		42CF0D352DDC2E5300F2402D /* PBXContainerItemProxy */ = {
			isa = PBXContainerItemProxy;
			containerPortal = 42CF0D132DDC2E5100F2402D /* Project object */;
			proxyType = 1;
			remoteGlobalIDString = 42CF0D1A2DDC2E5100F2402D;
			remoteInfo = "alarm alarmApp";
		};
		42CF0D3F2DDC2E5300F2402D /* PBXContainerItemProxy */ = {
			isa = PBXContainerItemProxy;
			containerPortal = 42CF0D132DDC2E5100F2402D /* Project object */;
			proxyType = 1;
			remoteGlobalIDString = 42CF0D1A2DDC2E5100F2402D;
			remoteInfo = "alarm alarmApp";
		};
/* End PBXContainerItemProxy section */

/* Begin PBXFileReference section */
		42CF0D1B2DDC2E5100F2402D /* alarmApp.app */ = {isa = PBXFileReference; explicitFileType = wrapper.application; includeInIndex = 0; path = alarmApp.app; sourceTree = BUILT_PRODUCTS_DIR; };
		42CF0D342DDC2E5300F2402D /* alarmAppTests.xctest */ = {isa = PBXFileReference; explicitFileType = wrapper.cfbundle; includeInIndex = 0; path = alarmAppTests.xctest; sourceTree = BUILT_PRODUCTS_DIR; };
		42CF0D3E2DDC2E5300F2402D /* alarmAppUITests.xctest */ = {isa = PBXFileReference; explicitFileType = wrapper.cfbundle; includeInIndex = 0; path = alarmAppUITests.xctest; sourceTree = BUILT_PRODUCTS_DIR; };
		42CF0D522DDC2F4B00F2402D /* Entity+CoreDataClass.swift */ = {isa = PBXFileReference; lastKnownFileType = sourcecode.swift; path = "Entity+CoreDataClass.swift"; sourceTree = "<group>"; };
		42CF0D532DDC2F4B00F2402D /* Entity+CoreDataProperties.swift */ = {isa = PBXFileReference; lastKnownFileType = sourcecode.swift; path = "Entity+CoreDataProperties.swift"; sourceTree = "<group>"; };
/* End PBXFileReference section */

/* Begin PBXFileSystemSynchronizedBuildFileExceptionSet section */
		42CF0D462DDC2E5300F2402D /* Exceptions for "alarmApp" folder in "alarmApp" target */ = {
			isa = PBXFileSystemSynchronizedBuildFileExceptionSet;
			membershipExceptions = (
				Info.plist,
			);
			target = 42CF0D1A2DDC2E5100F2402D /* alarmApp */;
		};
/* End PBXFileSystemSynchronizedBuildFileExceptionSet section */

/* Begin PBXFileSystemSynchronizedRootGroup section */
		42CF0D1D2DDC2E5100F2402D /* alarmApp */ = {
			isa = PBXFileSystemSynchronizedRootGroup;
			exceptions = (
				42CF0D462DDC2E5300F2402D /* Exceptions for "alarmApp" folder in "alarmApp" target */,
			);
			path = alarmApp;
			sourceTree = "<group>";
		};
		42CF0D562DDC2F8F00F2402D /* ViewModel */ = {
			isa = PBXFileSystemSynchronizedRootGroup;
			path = ViewModel;
			sourceTree = "<group>";
		};
		42CF0D572DDC2FA500F2402D /* ViewController */ = {
			isa = PBXFileSystemSynchronizedRootGroup;
			path = ViewController;
			sourceTree = "<group>";
		};
		42CF0D582DDC2FAA00F2402D /* Model */ = {
			isa = PBXFileSystemSynchronizedRootGroup;
			path = Model;
			sourceTree = "<group>";
		};
/* End PBXFileSystemSynchronizedRootGroup section */

/* Begin PBXFrameworksBuildPhase section */
		42CF0D182DDC2E5100F2402D /* Frameworks */ = {
			isa = PBXFrameworksBuildPhase;
			buildActionMask = 2147483647;
			files = (
			);
			runOnlyForDeploymentPostprocessing = 0;
		};
		42CF0D312DDC2E5300F2402D /* Frameworks */ = {
			isa = PBXFrameworksBuildPhase;
			buildActionMask = 2147483647;
			files = (
			);
			runOnlyForDeploymentPostprocessing = 0;
		};
		42CF0D3B2DDC2E5300F2402D /* Frameworks */ = {
			isa = PBXFrameworksBuildPhase;
			buildActionMask = 2147483647;
			files = (
			);
			runOnlyForDeploymentPostprocessing = 0;
		};
/* End PBXFrameworksBuildPhase section */

/* Begin PBXGroup section */
		42CF0D122DDC2E5100F2402D = {
			isa = PBXGroup;
			children = (
				42CF0D582DDC2FAA00F2402D /* Model */,
				42CF0D572DDC2FA500F2402D /* ViewController */,
				42CF0D562DDC2F8F00F2402D /* ViewModel */,
				42CF0D522DDC2F4B00F2402D /* Entity+CoreDataClass.swift */,
				42CF0D532DDC2F4B00F2402D /* Entity+CoreDataProperties.swift */,
				42CF0D1D2DDC2E5100F2402D /* alarmApp */,
				42CF0D1C2DDC2E5100F2402D /* Products */,
			);
			sourceTree = "<group>";
		};
		42CF0D1C2DDC2E5100F2402D /* Products */ = {
			isa = PBXGroup;
			children = (
				42CF0D1B2DDC2E5100F2402D /* alarmApp.app */,
				42CF0D342DDC2E5300F2402D /* alarmAppTests.xctest */,
				42CF0D3E2DDC2E5300F2402D /* alarmAppUITests.xctest */,
			);
			name = Products;
			sourceTree = "<group>";
		};
/* End PBXGroup section */

/* Begin PBXNativeTarget section */
		42CF0D1A2DDC2E5100F2402D /* alarmApp */ = {
			isa = PBXNativeTarget;
			buildConfigurationList = 42CF0D472DDC2E5300F2402D /* Build configuration list for PBXNativeTarget "alarmApp" */;
			buildPhases = (
				42CF0D172DDC2E5100F2402D /* Sources */,
				42CF0D182DDC2E5100F2402D /* Frameworks */,
				42CF0D192DDC2E5100F2402D /* Resources */,
			);
			buildRules = (
			);
			dependencies = (
			);
			fileSystemSynchronizedGroups = (
				42CF0D1D2DDC2E5100F2402D /* alarmApp */,
				42CF0D562DDC2F8F00F2402D /* ViewModel */,
				42CF0D572DDC2FA500F2402D /* ViewController */,
				42CF0D582DDC2FAA00F2402D /* Model */,
			);
			name = alarmApp;
			packageProductDependencies = (
			);
			productName = "alarm alarmApp";
			productReference = 42CF0D1B2DDC2E5100F2402D /* alarmApp.app */;
			productType = "com.apple.product-type.application";
		};
		42CF0D332DDC2E5300F2402D /* alarmAppTests */ = {
			isa = PBXNativeTarget;
			buildConfigurationList = 42CF0D4C2DDC2E5300F2402D /* Build configuration list for PBXNativeTarget "alarmAppTests" */;
			buildPhases = (
				42CF0D302DDC2E5300F2402D /* Sources */,
				42CF0D312DDC2E5300F2402D /* Frameworks */,
				42CF0D322DDC2E5300F2402D /* Resources */,
			);
			buildRules = (
			);
			dependencies = (
				42CF0D362DDC2E5300F2402D /* PBXTargetDependency */,
			);
			name = alarmAppTests;
			packageProductDependencies = (
			);
			productName = "alarm alarmAppTests";
			productReference = 42CF0D342DDC2E5300F2402D /* alarmAppTests.xctest */;
			productType = "com.apple.product-type.bundle.unit-test";
		};
		42CF0D3D2DDC2E5300F2402D /* alarmAppUITests */ = {
			isa = PBXNativeTarget;
			buildConfigurationList = 42CF0D4F2DDC2E5300F2402D /* Build configuration list for PBXNativeTarget "alarmAppUITests" */;
			buildPhases = (
				42CF0D3A2DDC2E5300F2402D /* Sources */,
				42CF0D3B2DDC2E5300F2402D /* Frameworks */,
				42CF0D3C2DDC2E5300F2402D /* Resources */,
			);
			buildRules = (
			);
			dependencies = (
				42CF0D402DDC2E5300F2402D /* PBXTargetDependency */,
			);
			name = alarmAppUITests;
			packageProductDependencies = (
			);
			productName = "alarm alarmAppUITests";
			productReference = 42CF0D3E2DDC2E5300F2402D /* alarmAppUITests.xctest */;
			productType = "com.apple.product-type.bundle.ui-testing";
		};
/* End PBXNativeTarget section */

/* Begin PBXProject section */
		42CF0D132DDC2E5100F2402D /* Project object */ = {
			isa = PBXProject;
			attributes = {
				BuildIndependentTargetsInParallel = 1;
				LastSwiftUpdateCheck = 1630;
				LastUpgradeCheck = 1630;
				TargetAttributes = {
					42CF0D1A2DDC2E5100F2402D = {
						CreatedOnToolsVersion = 16.3;
					};
					42CF0D332DDC2E5300F2402D = {
						CreatedOnToolsVersion = 16.3;
						TestTargetID = 42CF0D1A2DDC2E5100F2402D;
					};
					42CF0D3D2DDC2E5300F2402D = {
						CreatedOnToolsVersion = 16.3;
						TestTargetID = 42CF0D1A2DDC2E5100F2402D;
					};
				};
			};
			buildConfigurationList = 42CF0D162DDC2E5100F2402D /* Build configuration list for PBXProject "alarmApp" */;
			developmentRegion = en;
			hasScannedForEncodings = 0;
			knownRegions = (
				en,
				Base,
			);
			mainGroup = 42CF0D122DDC2E5100F2402D;
			minimizedProjectReferenceProxies = 1;
			preferredProjectObjectVersion = 77;
			productRefGroup = 42CF0D1C2DDC2E5100F2402D /* Products */;
			projectDirPath = "";
			projectRoot = "";
			targets = (
				42CF0D1A2DDC2E5100F2402D /* alarmApp */,
				42CF0D332DDC2E5300F2402D /* alarmAppTests */,
				42CF0D3D2DDC2E5300F2402D /* alarmAppUITests */,
			);
		};
/* End PBXProject section */

/* Begin PBXResourcesBuildPhase section */
		42CF0D192DDC2E5100F2402D /* Resources */ = {
			isa = PBXResourcesBuildPhase;
			buildActionMask = 2147483647;
			files = (
			);
			runOnlyForDeploymentPostprocessing = 0;
		};
		42CF0D322DDC2E5300F2402D /* Resources */ = {
			isa = PBXResourcesBuildPhase;
			buildActionMask = 2147483647;
			files = (
			);
			runOnlyForDeploymentPostprocessing = 0;
		};
		42CF0D3C2DDC2E5300F2402D /* Resources */ = {
			isa = PBXResourcesBuildPhase;
			buildActionMask = 2147483647;
			files = (
			);
			runOnlyForDeploymentPostprocessing = 0;
		};
/* End PBXResourcesBuildPhase section */

/* Begin PBXSourcesBuildPhase section */
		42CF0D172DDC2E5100F2402D /* Sources */ = {
			isa = PBXSourcesBuildPhase;
			buildActionMask = 2147483647;
			files = (
				42CF0D542DDC2F4B00F2402D /* Entity+CoreDataProperties.swift in Sources */,
				42CF0D552DDC2F4B00F2402D /* Entity+CoreDataClass.swift in Sources */,
			);
			runOnlyForDeploymentPostprocessing = 0;
		};
		42CF0D302DDC2E5300F2402D /* Sources */ = {
			isa = PBXSourcesBuildPhase;
			buildActionMask = 2147483647;
			files = (
			);
			runOnlyForDeploymentPostprocessing = 0;
		};
		42CF0D3A2DDC2E5300F2402D /* Sources */ = {
			isa = PBXSourcesBuildPhase;
			buildActionMask = 2147483647;
			files = (
			);
			runOnlyForDeploymentPostprocessing = 0;
		};
/* End PBXSourcesBuildPhase section */

/* Begin PBXTargetDependency section */
		42CF0D362DDC2E5300F2402D /* PBXTargetDependency */ = {
			isa = PBXTargetDependency;
			target = 42CF0D1A2DDC2E5100F2402D /* alarmApp */;
			targetProxy = 42CF0D352DDC2E5300F2402D /* PBXContainerItemProxy */;
		};
		42CF0D402DDC2E5300F2402D /* PBXTargetDependency */ = {
			isa = PBXTargetDependency;
			target = 42CF0D1A2DDC2E5100F2402D /* alarmApp */;
			targetProxy = 42CF0D3F2DDC2E5300F2402D /* PBXContainerItemProxy */;
		};
/* End PBXTargetDependency section */

/* Begin XCBuildConfiguration section */
		42CF0D482DDC2E5300F2402D /* Debug */ = {
			isa = XCBuildConfiguration;
			buildSettings = {
				ASSETCATALOG_COMPILER_APPICON_NAME = AppIcon;
				ASSETCATALOG_COMPILER_GLOBAL_ACCENT_COLOR_NAME = AccentColor;
				CODE_SIGN_STYLE = Automatic;
				CURRENT_PROJECT_VERSION = 1;
				GENERATE_INFOPLIST_FILE = YES;
				INFOPLIST_FILE = "alarm alarmApp/Info.plist";
				INFOPLIST_KEY_UIApplicationSupportsIndirectInputEvents = YES;
				INFOPLIST_KEY_UILaunchStoryboardName = LaunchScreen;
				INFOPLIST_KEY_UIMainStoryboardFile = Main;
				INFOPLIST_KEY_UISupportedInterfaceOrientations_iPad = "UIInterfaceOrientationPortrait UIInterfaceOrientationPortraitUpsideDown UIInterfaceOrientationLandscapeLeft UIInterfaceOrientationLandscapeRight";
				INFOPLIST_KEY_UISupportedInterfaceOrientations_iPhone = "UIInterfaceOrientationPortrait UIInterfaceOrientationLandscapeLeft UIInterfaceOrientationLandscapeRight";
				LD_RUNPATH_SEARCH_PATHS = (
					"$(inherited)",
					"@executable_path/Frameworks",
				);
				MARKETING_VERSION = 1.0;
				PRODUCT_BUNDLE_IDENTIFIER = "com.cyg050217.112349.alarm-alarmApp";
				PRODUCT_NAME = "$(TARGET_NAME)";
				SWIFT_EMIT_LOC_STRINGS = YES;
				SWIFT_VERSION = 5.0;
				TARGETED_DEVICE_FAMILY = "1,2";
			};
			name = Debug;
		};
		42CF0D492DDC2E5300F2402D /* Release */ = {
			isa = XCBuildConfiguration;
			buildSettings = {
				ASSETCATALOG_COMPILER_APPICON_NAME = AppIcon;
				ASSETCATALOG_COMPILER_GLOBAL_ACCENT_COLOR_NAME = AccentColor;
				CODE_SIGN_STYLE = Automatic;
				CURRENT_PROJECT_VERSION = 1;
				GENERATE_INFOPLIST_FILE = YES;
				INFOPLIST_FILE = "alarm alarmApp/Info.plist";
				INFOPLIST_KEY_UIApplicationSupportsIndirectInputEvents = YES;
				INFOPLIST_KEY_UILaunchStoryboardName = LaunchScreen;
				INFOPLIST_KEY_UIMainStoryboardFile = Main;
				INFOPLIST_KEY_UISupportedInterfaceOrientations_iPad = "UIInterfaceOrientationPortrait UIInterfaceOrientationPortraitUpsideDown UIInterfaceOrientationLandscapeLeft UIInterfaceOrientationLandscapeRight";
				INFOPLIST_KEY_UISupportedInterfaceOrientations_iPhone = "UIInterfaceOrientationPortrait UIInterfaceOrientationLandscapeLeft UIInterfaceOrientationLandscapeRight";
				LD_RUNPATH_SEARCH_PATHS = (
					"$(inherited)",
					"@executable_path/Frameworks",
				);
				MARKETING_VERSION = 1.0;
				PRODUCT_BUNDLE_IDENTIFIER = "com.cyg050217.112349.alarm-alarmApp";
				PRODUCT_NAME = "$(TARGET_NAME)";
				SWIFT_EMIT_LOC_STRINGS = YES;
				SWIFT_VERSION = 5.0;
				TARGETED_DEVICE_FAMILY = "1,2";
			};
			name = Release;
		};
		42CF0D4A2DDC2E5300F2402D /* Debug */ = {
			isa = XCBuildConfiguration;
			buildSettings = {
				ALWAYS_SEARCH_USER_PATHS = NO;
				ASSETCATALOG_COMPILER_GENERATE_SWIFT_ASSET_SYMBOL_EXTENSIONS = YES;
				CLANG_ANALYZER_NONNULL = YES;
				CLANG_ANALYZER_NUMBER_OBJECT_CONVERSION = YES_AGGRESSIVE;
				CLANG_CXX_LANGUAGE_STANDARD = "gnu++20";
				CLANG_ENABLE_MODULES = YES;
				CLANG_ENABLE_OBJC_ARC = YES;
				CLANG_ENABLE_OBJC_WEAK = YES;
				CLANG_WARN_BLOCK_CAPTURE_AUTORELEASING = YES;
				CLANG_WARN_BOOL_CONVERSION = YES;
				CLANG_WARN_COMMA = YES;
				CLANG_WARN_CONSTANT_CONVERSION = YES;
				CLANG_WARN_DEPRECATED_OBJC_IMPLEMENTATIONS = YES;
				CLANG_WARN_DIRECT_OBJC_ISA_USAGE = YES_ERROR;
				CLANG_WARN_DOCUMENTATION_COMMENTS = YES;
				CLANG_WARN_EMPTY_BODY = YES;
				CLANG_WARN_ENUM_CONVERSION = YES;
				CLANG_WARN_INFINITE_RECURSION = YES;
				CLANG_WARN_INT_CONVERSION = YES;
				CLANG_WARN_NON_LITERAL_NULL_CONVERSION = YES;
				CLANG_WARN_OBJC_IMPLICIT_RETAIN_SELF = YES;
				CLANG_WARN_OBJC_LITERAL_CONVERSION = YES;
				CLANG_WARN_OBJC_ROOT_CLASS = YES_ERROR;
				CLANG_WARN_QUOTED_INCLUDE_IN_FRAMEWORK_HEADER = YES;
				CLANG_WARN_RANGE_LOOP_ANALYSIS = YES;
				CLANG_WARN_STRICT_PROTOTYPES = YES;
				CLANG_WARN_SUSPICIOUS_MOVE = YES;
				CLANG_WARN_UNGUARDED_AVAILABILITY = YES_AGGRESSIVE;
				CLANG_WARN_UNREACHABLE_CODE = YES;
				CLANG_WARN__DUPLICATE_METHOD_MATCH = YES;
				COPY_PHASE_STRIP = NO;
				DEBUG_INFORMATION_FORMAT = dwarf;
				ENABLE_STRICT_OBJC_MSGSEND = YES;
				ENABLE_TESTABILITY = YES;
				ENABLE_USER_SCRIPT_SANDBOXING = YES;
				GCC_C_LANGUAGE_STANDARD = gnu17;
				GCC_DYNAMIC_NO_PIC = NO;
				GCC_NO_COMMON_BLOCKS = YES;
				GCC_OPTIMIZATION_LEVEL = 0;
				GCC_PREPROCESSOR_DEFINITIONS = (
					"DEBUG=1",
					"$(inherited)",
				);
				GCC_WARN_64_TO_32_BIT_CONVERSION = YES;
				GCC_WARN_ABOUT_RETURN_TYPE = YES_ERROR;
				GCC_WARN_UNDECLARED_SELECTOR = YES;
				GCC_WARN_UNINITIALIZED_AUTOS = YES_AGGRESSIVE;
				GCC_WARN_UNUSED_FUNCTION = YES;
				GCC_WARN_UNUSED_VARIABLE = YES;
				IPHONEOS_DEPLOYMENT_TARGET = 18.4;
				LOCALIZATION_PREFERS_STRING_CATALOGS = YES;
				MTL_ENABLE_DEBUG_INFO = INCLUDE_SOURCE;
				MTL_FAST_MATH = YES;
				ONLY_ACTIVE_ARCH = YES;
				SDKROOT = iphoneos;
				SWIFT_ACTIVE_COMPILATION_CONDITIONS = "DEBUG $(inherited)";
				SWIFT_OPTIMIZATION_LEVEL = "-Onone";
			};
			name = Debug;
		};
		42CF0D4B2DDC2E5300F2402D /* Release */ = {
			isa = XCBuildConfiguration;
			buildSettings = {
				ALWAYS_SEARCH_USER_PATHS = NO;
				ASSETCATALOG_COMPILER_GENERATE_SWIFT_ASSET_SYMBOL_EXTENSIONS = YES;
				CLANG_ANALYZER_NONNULL = YES;
				CLANG_ANALYZER_NUMBER_OBJECT_CONVERSION = YES_AGGRESSIVE;
				CLANG_CXX_LANGUAGE_STANDARD = "gnu++20";
				CLANG_ENABLE_MODULES = YES;
				CLANG_ENABLE_OBJC_ARC = YES;
				CLANG_ENABLE_OBJC_WEAK = YES;
				CLANG_WARN_BLOCK_CAPTURE_AUTORELEASING = YES;
				CLANG_WARN_BOOL_CONVERSION = YES;
				CLANG_WARN_COMMA = YES;
				CLANG_WARN_CONSTANT_CONVERSION = YES;
				CLANG_WARN_DEPRECATED_OBJC_IMPLEMENTATIONS = YES;
				CLANG_WARN_DIRECT_OBJC_ISA_USAGE = YES_ERROR;
				CLANG_WARN_DOCUMENTATION_COMMENTS = YES;
				CLANG_WARN_EMPTY_BODY = YES;
				CLANG_WARN_ENUM_CONVERSION = YES;
				CLANG_WARN_INFINITE_RECURSION = YES;
				CLANG_WARN_INT_CONVERSION = YES;
				CLANG_WARN_NON_LITERAL_NULL_CONVERSION = YES;
				CLANG_WARN_OBJC_IMPLICIT_RETAIN_SELF = YES;
				CLANG_WARN_OBJC_LITERAL_CONVERSION = YES;
				CLANG_WARN_OBJC_ROOT_CLASS = YES_ERROR;
				CLANG_WARN_QUOTED_INCLUDE_IN_FRAMEWORK_HEADER = YES;
				CLANG_WARN_RANGE_LOOP_ANALYSIS = YES;
				CLANG_WARN_STRICT_PROTOTYPES = YES;
				CLANG_WARN_SUSPICIOUS_MOVE = YES;
				CLANG_WARN_UNGUARDED_AVAILABILITY = YES_AGGRESSIVE;
				CLANG_WARN_UNREACHABLE_CODE = YES;
				CLANG_WARN__DUPLICATE_METHOD_MATCH = YES;
				COPY_PHASE_STRIP = NO;
				DEBUG_INFORMATION_FORMAT = "dwarf-with-dsym";
				ENABLE_NS_ASSERTIONS = NO;
				ENABLE_STRICT_OBJC_MSGSEND = YES;
				ENABLE_USER_SCRIPT_SANDBOXING = YES;
				GCC_C_LANGUAGE_STANDARD = gnu17;
				GCC_NO_COMMON_BLOCKS = YES;
				GCC_WARN_64_TO_32_BIT_CONVERSION = YES;
				GCC_WARN_ABOUT_RETURN_TYPE = YES_ERROR;
				GCC_WARN_UNDECLARED_SELECTOR = YES;
				GCC_WARN_UNINITIALIZED_AUTOS = YES_AGGRESSIVE;
				GCC_WARN_UNUSED_FUNCTION = YES;
				GCC_WARN_UNUSED_VARIABLE = YES;
				IPHONEOS_DEPLOYMENT_TARGET = 18.4;
				LOCALIZATION_PREFERS_STRING_CATALOGS = YES;
				MTL_ENABLE_DEBUG_INFO = NO;
				MTL_FAST_MATH = YES;
				SDKROOT = iphoneos;
				SWIFT_COMPILATION_MODE = wholemodule;
				VALIDATE_PRODUCT = YES;
			};
			name = Release;
		};
		42CF0D4D2DDC2E5300F2402D /* Debug */ = {
			isa = XCBuildConfiguration;
			buildSettings = {
				BUNDLE_LOADER = "$(TEST_HOST)";
				CODE_SIGN_STYLE = Automatic;
				CURRENT_PROJECT_VERSION = 1;
				GENERATE_INFOPLIST_FILE = YES;
				IPHONEOS_DEPLOYMENT_TARGET = 18.4;
				MARKETING_VERSION = 1.0;
				PRODUCT_BUNDLE_IDENTIFIER = "com.cyg050217.112349.alarm-alarmAppTests";
				PRODUCT_NAME = "$(TARGET_NAME)";
				SWIFT_EMIT_LOC_STRINGS = NO;
				SWIFT_VERSION = 5.0;
				TARGETED_DEVICE_FAMILY = "1,2";
				TEST_HOST = "$(BUILT_PRODUCTS_DIR)/alarmApp.app/$(BUNDLE_EXECUTABLE_FOLDER_PATH)/alarmApp";
			};
			name = Debug;
		};
		42CF0D4E2DDC2E5300F2402D /* Release */ = {
			isa = XCBuildConfiguration;
			buildSettings = {
				BUNDLE_LOADER = "$(TEST_HOST)";
				CODE_SIGN_STYLE = Automatic;
				CURRENT_PROJECT_VERSION = 1;
				GENERATE_INFOPLIST_FILE = YES;
				IPHONEOS_DEPLOYMENT_TARGET = 18.4;
				MARKETING_VERSION = 1.0;
				PRODUCT_BUNDLE_IDENTIFIER = "com.cyg050217.112349.alarm-alarmAppTests";
				PRODUCT_NAME = "$(TARGET_NAME)";
				SWIFT_EMIT_LOC_STRINGS = NO;
				SWIFT_VERSION = 5.0;
				TARGETED_DEVICE_FAMILY = "1,2";
				TEST_HOST = "$(BUILT_PRODUCTS_DIR)/alarmApp.app/$(BUNDLE_EXECUTABLE_FOLDER_PATH)/alarmApp";
			};
			name = Release;
		};
		42CF0D502DDC2E5300F2402D /* Debug */ = {
			isa = XCBuildConfiguration;
			buildSettings = {
				CODE_SIGN_STYLE = Automatic;
				CURRENT_PROJECT_VERSION = 1;
				GENERATE_INFOPLIST_FILE = YES;
				MARKETING_VERSION = 1.0;
				PRODUCT_BUNDLE_IDENTIFIER = "com.cyg050217.112349.alarm-alarmAppUITests";
				PRODUCT_NAME = "$(TARGET_NAME)";
				SWIFT_EMIT_LOC_STRINGS = NO;
				SWIFT_VERSION = 5.0;
				TARGETED_DEVICE_FAMILY = "1,2";
				TEST_TARGET_NAME = "alarm alarmApp";
			};
			name = Debug;
		};
		42CF0D512DDC2E5300F2402D /* Release */ = {
			isa = XCBuildConfiguration;
			buildSettings = {
				CODE_SIGN_STYLE = Automatic;
				CURRENT_PROJECT_VERSION = 1;
				GENERATE_INFOPLIST_FILE = YES;
				MARKETING_VERSION = 1.0;
				PRODUCT_BUNDLE_IDENTIFIER = "com.cyg050217.112349.alarm-alarmAppUITests";
				PRODUCT_NAME = "$(TARGET_NAME)";
				SWIFT_EMIT_LOC_STRINGS = NO;
				SWIFT_VERSION = 5.0;
				TARGETED_DEVICE_FAMILY = "1,2";
				TEST_TARGET_NAME = "alarm alarmApp";
			};
			name = Release;
		};
/* End XCBuildConfiguration section */

/* Begin XCConfigurationList section */
		42CF0D162DDC2E5100F2402D /* Build configuration list for PBXProject "alarmApp" */ = {
			isa = XCConfigurationList;
			buildConfigurations = (
				42CF0D4A2DDC2E5300F2402D /* Debug */,
				42CF0D4B2DDC2E5300F2402D /* Release */,
			);
			defaultConfigurationIsVisible = 0;
			defaultConfigurationName = Release;
		};
		42CF0D472DDC2E5300F2402D /* Build configuration list for PBXNativeTarget "alarmApp" */ = {
			isa = XCConfigurationList;
			buildConfigurations = (
				42CF0D482DDC2E5300F2402D /* Debug */,
				42CF0D492DDC2E5300F2402D /* Release */,
			);
			defaultConfigurationIsVisible = 0;
			defaultConfigurationName = Release;
		};
		42CF0D4C2DDC2E5300F2402D /* Build configuration list for PBXNativeTarget "alarmAppTests" */ = {
			isa = XCConfigurationList;
			buildConfigurations = (
				42CF0D4D2DDC2E5300F2402D /* Debug */,
				42CF0D4E2DDC2E5300F2402D /* Release */,
			);
			defaultConfigurationIsVisible = 0;
			defaultConfigurationName = Release;
		};
		42CF0D4F2DDC2E5300F2402D /* Build configuration list for PBXNativeTarget "alarmAppUITests" */ = {
			isa = XCConfigurationList;
			buildConfigurations = (
				42CF0D502DDC2E5300F2402D /* Debug */,
				42CF0D512DDC2E5300F2402D /* Release */,
			);
			defaultConfigurationIsVisible = 0;
			defaultConfigurationName = Release;
		};
/* End XCConfigurationList section */
	};
	rootObject = 42CF0D132DDC2E5100F2402D /* Project object */;
}
