// !$*UTF8*$!
{
	archiveVersion = 1;
	classes = {
	};
	objectVersion = 77;
	objects = {

/* Begin PBXBuildFile section */
		42CF0DD02DDC571400F2402D /* RxCocoa in Frameworks */ = {isa = PBXBuildFile; productRef = 42CF0DCF2DDC571400F2402D /* RxCocoa */; };
		42CF0DD22DDC571400F2402D /* RxRelay in Frameworks */ = {isa = PBXBuildFile; productRef = 42CF0DD12DDC571400F2402D /* RxRelay */; };
		42CF0DD42DDC571400F2402D /* RxSwift in Frameworks */ = {isa = PBXBuildFile; productRef = 42CF0DD32DDC571400F2402D /* RxSwift */; };
		42CF0DD72DDC572500F2402D /* SnapKit in Frameworks */ = {isa = PBXBuildFile; productRef = 42CF0DD62DDC572500F2402D /* SnapKit */; };
		42CF0EA12DDCA56200F2402D /* .gitignore in Resources */ = {isa = PBXBuildFile; fileRef = 42CF0EA02DDCA56200F2402D /* .gitignore */; };
		42CF0EA82DDCAF2400F2402D /* StopwatchRecord+CoreDataProperties.swift in Sources */ = {isa = PBXBuildFile; fileRef = 42CF0EA52DDCAF2400F2402D /* StopwatchRecord+CoreDataProperties.swift */; };
		42CF0EAA2DDCAF2400F2402D /* Alarm+CoreDataProperties.swift in Sources */ = {isa = PBXBuildFile; fileRef = 42CF0EA32DDCAF2400F2402D /* Alarm+CoreDataProperties.swift */; };
		42CF0EAC2DDCAF2400F2402D /* Alarm+CoreDataClass.swift in Sources */ = {isa = PBXBuildFile; fileRef = 42CF0EA22DDCAF2400F2402D /* Alarm+CoreDataClass.swift */; };
		42CF0EAD2DDCAF2400F2402D /* StopwatchRecord+CoreDataClass.swift in Sources */ = {isa = PBXBuildFile; fileRef = 42CF0EA42DDCAF2400F2402D /* StopwatchRecord+CoreDataClass.swift */; };
		42CF0EB02DDCB0DA00F2402D /* TimerEntity+CoreDataProperties.swift in Sources */ = {isa = PBXBuildFile; fileRef = 42CF0EAF2DDCB0DA00F2402D /* TimerEntity+CoreDataProperties.swift */; };
		42CF0EB12DDCB0DA00F2402D /* TimerEntity+CoreDataClass.swift in Sources */ = {isa = PBXBuildFile; fileRef = 42CF0EAE2DDCB0DA00F2402D /* TimerEntity+CoreDataClass.swift */; };
/* End PBXBuildFile section */

/* Begin PBXContainerItemProxy section */
		42CF0DA82DDC55FF00F2402D /* PBXContainerItemProxy */ = {
			isa = PBXContainerItemProxy;
			containerPortal = 42CF0D862DDC55FE00F2402D /* Project object */;
			proxyType = 1;
			remoteGlobalIDString = 42CF0D8D2DDC55FE00F2402D;
			remoteInfo = alarmApp;
		};
		42CF0DB22DDC55FF00F2402D /* PBXContainerItemProxy */ = {
			isa = PBXContainerItemProxy;
			containerPortal = 42CF0D862DDC55FE00F2402D /* Project object */;
			proxyType = 1;
			remoteGlobalIDString = 42CF0D8D2DDC55FE00F2402D;
			remoteInfo = alarmApp;
		};
/* End PBXContainerItemProxy section */

/* Begin PBXFileReference section */
		42CF0D8E2DDC55FE00F2402D /* alarmApp.app */ = {isa = PBXFileReference; explicitFileType = wrapper.application; includeInIndex = 0; path = alarmApp.app; sourceTree = BUILT_PRODUCTS_DIR; };
		42CF0DA72DDC55FF00F2402D /* alarmAppTests.xctest */ = {isa = PBXFileReference; explicitFileType = wrapper.cfbundle; includeInIndex = 0; path = alarmAppTests.xctest; sourceTree = BUILT_PRODUCTS_DIR; };
		42CF0DB12DDC55FF00F2402D /* alarmAppUITests.xctest */ = {isa = PBXFileReference; explicitFileType = wrapper.cfbundle; includeInIndex = 0; path = alarmAppUITests.xctest; sourceTree = BUILT_PRODUCTS_DIR; };
		42CF0EA02DDCA56200F2402D /* .gitignore */ = {isa = PBXFileReference; lastKnownFileType = text; path = .gitignore; sourceTree = "<group>"; };
		42CF0EA22DDCAF2400F2402D /* Alarm+CoreDataClass.swift */ = {isa = PBXFileReference; lastKnownFileType = sourcecode.swift; path = "Alarm+CoreDataClass.swift"; sourceTree = "<group>"; };
		42CF0EA32DDCAF2400F2402D /* Alarm+CoreDataProperties.swift */ = {isa = PBXFileReference; lastKnownFileType = sourcecode.swift; path = "Alarm+CoreDataProperties.swift"; sourceTree = "<group>"; };
		42CF0EA42DDCAF2400F2402D /* StopwatchRecord+CoreDataClass.swift */ = {isa = PBXFileReference; lastKnownFileType = sourcecode.swift; path = "StopwatchRecord+CoreDataClass.swift"; sourceTree = "<group>"; };
		42CF0EA52DDCAF2400F2402D /* StopwatchRecord+CoreDataProperties.swift */ = {isa = PBXFileReference; lastKnownFileType = sourcecode.swift; path = "StopwatchRecord+CoreDataProperties.swift"; sourceTree = "<group>"; };
		42CF0EAE2DDCB0DA00F2402D /* TimerEntity+CoreDataClass.swift */ = {isa = PBXFileReference; lastKnownFileType = sourcecode.swift; path = "TimerEntity+CoreDataClass.swift"; sourceTree = "<group>"; };
		42CF0EAF2DDCB0DA00F2402D /* TimerEntity+CoreDataProperties.swift */ = {isa = PBXFileReference; lastKnownFileType = sourcecode.swift; path = "TimerEntity+CoreDataProperties.swift"; sourceTree = "<group>"; };
/* End PBXFileReference section */

/* Begin PBXFileSystemSynchronizedBuildFileExceptionSet section */
		42CF0DB92DDC55FF00F2402D /* Exceptions for "alarmApp" folder in "alarmApp" target */ = {
			isa = PBXFileSystemSynchronizedBuildFileExceptionSet;
			membershipExceptions = (
				Info.plist,
			);
			target = 42CF0D8D2DDC55FE00F2402D /* alarmApp */;
		};
/* End PBXFileSystemSynchronizedBuildFileExceptionSet section */

/* Begin PBXFileSystemSynchronizedRootGroup section */
		42CF0D902DDC55FE00F2402D /* alarmApp */ = {
			isa = PBXFileSystemSynchronizedRootGroup;
			exceptions = (
				42CF0DB92DDC55FF00F2402D /* Exceptions for "alarmApp" folder in "alarmApp" target */,
			);
			path = alarmApp;
			sourceTree = "<group>";
		};
		42CF0DC52DDC562D00F2402D /* ViewModel */ = {
			isa = PBXFileSystemSynchronizedRootGroup;
			path = ViewModel;
			sourceTree = "<group>";
		};
		42CF0DC62DDC563600F2402D /* Model */ = {
			isa = PBXFileSystemSynchronizedRootGroup;
			path = Model;
			sourceTree = "<group>";
		};
		42CF0DC72DDC563F00F2402D /* ViewController */ = {
			isa = PBXFileSystemSynchronizedRootGroup;
			path = ViewController;
			sourceTree = "<group>";
		};
		42CF0E562DDC59DE00F2402D /* Protocol */ = {
			isa = PBXFileSystemSynchronizedRootGroup;
			path = Protocol;
			sourceTree = "<group>";
		};
/* End PBXFileSystemSynchronizedRootGroup section */

/* Begin PBXFrameworksBuildPhase section */
		42CF0D8B2DDC55FE00F2402D /* Frameworks */ = {
			isa = PBXFrameworksBuildPhase;
			buildActionMask = 2147483647;
			files = (
				42CF0DD42DDC571400F2402D /* RxSwift in Frameworks */,
				42CF0DD72DDC572500F2402D /* SnapKit in Frameworks */,
				42CF0DD22DDC571400F2402D /* RxRelay in Frameworks */,
				42CF0DD02DDC571400F2402D /* RxCocoa in Frameworks */,
			);
			runOnlyForDeploymentPostprocessing = 0;
		};
		42CF0DA42DDC55FF00F2402D /* Frameworks */ = {
			isa = PBXFrameworksBuildPhase;
			buildActionMask = 2147483647;
			files = (
			);
			runOnlyForDeploymentPostprocessing = 0;
		};
		42CF0DAE2DDC55FF00F2402D /* Frameworks */ = {
			isa = PBXFrameworksBuildPhase;
			buildActionMask = 2147483647;
			files = (
			);
			runOnlyForDeploymentPostprocessing = 0;
		};
/* End PBXFrameworksBuildPhase section */

/* Begin PBXGroup section */
		42CF0D852DDC55FE00F2402D = {
			isa = PBXGroup;
			children = (
				42CF0EAE2DDCB0DA00F2402D /* TimerEntity+CoreDataClass.swift */,
				42CF0EAF2DDCB0DA00F2402D /* TimerEntity+CoreDataProperties.swift */,
				42CF0EA22DDCAF2400F2402D /* Alarm+CoreDataClass.swift */,
				42CF0EA32DDCAF2400F2402D /* Alarm+CoreDataProperties.swift */,
				42CF0EA42DDCAF2400F2402D /* StopwatchRecord+CoreDataClass.swift */,
				42CF0EA52DDCAF2400F2402D /* StopwatchRecord+CoreDataProperties.swift */,
				42CF0EA02DDCA56200F2402D /* .gitignore */,
				42CF0E562DDC59DE00F2402D /* Protocol */,
				42CF0DC72DDC563F00F2402D /* ViewController */,
				42CF0DC62DDC563600F2402D /* Model */,
				42CF0DC52DDC562D00F2402D /* ViewModel */,
				42CF0D902DDC55FE00F2402D /* alarmApp */,
				42CF0D8F2DDC55FE00F2402D /* Products */,
			);
			sourceTree = "<group>";
		};
		42CF0D8F2DDC55FE00F2402D /* Products */ = {
			isa = PBXGroup;
			children = (
				42CF0D8E2DDC55FE00F2402D /* alarmApp.app */,
				42CF0DA72DDC55FF00F2402D /* alarmAppTests.xctest */,
				42CF0DB12DDC55FF00F2402D /* alarmAppUITests.xctest */,
			);
			name = Products;
			sourceTree = "<group>";
		};
/* End PBXGroup section */

/* Begin PBXNativeTarget section */
		42CF0D8D2DDC55FE00F2402D /* alarmApp */ = {
			isa = PBXNativeTarget;
			buildConfigurationList = 42CF0DBA2DDC55FF00F2402D /* Build configuration list for PBXNativeTarget "alarmApp" */;
			buildPhases = (
				42CF0D8A2DDC55FE00F2402D /* Sources */,
				42CF0D8B2DDC55FE00F2402D /* Frameworks */,
				42CF0D8C2DDC55FE00F2402D /* Resources */,
			);
			buildRules = (
			);
			dependencies = (
			);
			fileSystemSynchronizedGroups = (
				42CF0D902DDC55FE00F2402D /* alarmApp */,
				42CF0DC52DDC562D00F2402D /* ViewModel */,
				42CF0DC62DDC563600F2402D /* Model */,
				42CF0DC72DDC563F00F2402D /* ViewController */,
				42CF0E562DDC59DE00F2402D /* Protocol */,
			);
			name = alarmApp;
			packageProductDependencies = (
				42CF0DCF2DDC571400F2402D /* RxCocoa */,
				42CF0DD12DDC571400F2402D /* RxRelay */,
				42CF0DD32DDC571400F2402D /* RxSwift */,
				42CF0DD62DDC572500F2402D /* SnapKit */,
			);
			productName = alarmApp;
			productReference = 42CF0D8E2DDC55FE00F2402D /* alarmApp.app */;
			productType = "com.apple.product-type.application";
		};
		42CF0DA62DDC55FF00F2402D /* alarmAppTests */ = {
			isa = PBXNativeTarget;
			buildConfigurationList = 42CF0DBF2DDC55FF00F2402D /* Build configuration list for PBXNativeTarget "alarmAppTests" */;
			buildPhases = (
				42CF0DA32DDC55FF00F2402D /* Sources */,
				42CF0DA42DDC55FF00F2402D /* Frameworks */,
				42CF0DA52DDC55FF00F2402D /* Resources */,
			);
			buildRules = (
			);
			dependencies = (
				42CF0DA92DDC55FF00F2402D /* PBXTargetDependency */,
			);
			name = alarmAppTests;
			packageProductDependencies = (
			);
			productName = alarmAppTests;
			productReference = 42CF0DA72DDC55FF00F2402D /* alarmAppTests.xctest */;
			productType = "com.apple.product-type.bundle.unit-test";
		};
		42CF0DB02DDC55FF00F2402D /* alarmAppUITests */ = {
			isa = PBXNativeTarget;
			buildConfigurationList = 42CF0DC22DDC55FF00F2402D /* Build configuration list for PBXNativeTarget "alarmAppUITests" */;
			buildPhases = (
				42CF0DAD2DDC55FF00F2402D /* Sources */,
				42CF0DAE2DDC55FF00F2402D /* Frameworks */,
				42CF0DAF2DDC55FF00F2402D /* Resources */,
			);
			buildRules = (
			);
			dependencies = (
				42CF0DB32DDC55FF00F2402D /* PBXTargetDependency */,
			);
			name = alarmAppUITests;
			packageProductDependencies = (
			);
			productName = alarmAppUITests;
			productReference = 42CF0DB12DDC55FF00F2402D /* alarmAppUITests.xctest */;
			productType = "com.apple.product-type.bundle.ui-testing";
		};
/* End PBXNativeTarget section */

/* Begin PBXProject section */
		42CF0D862DDC55FE00F2402D /* Project object */ = {
			isa = PBXProject;
			attributes = {
				BuildIndependentTargetsInParallel = 1;
				LastSwiftUpdateCheck = 1630;
				LastUpgradeCheck = 1630;
				TargetAttributes = {
					42CF0D8D2DDC55FE00F2402D = {
						CreatedOnToolsVersion = 16.3;
					};
					42CF0DA62DDC55FF00F2402D = {
						CreatedOnToolsVersion = 16.3;
						TestTargetID = 42CF0D8D2DDC55FE00F2402D;
					};
					42CF0DB02DDC55FF00F2402D = {
						CreatedOnToolsVersion = 16.3;
						TestTargetID = 42CF0D8D2DDC55FE00F2402D;
					};
				};
			};
			buildConfigurationList = 42CF0D892DDC55FE00F2402D /* Build configuration list for PBXProject "alarmApp" */;
			developmentRegion = en;
			hasScannedForEncodings = 0;
			knownRegions = (
				en,
				Base,
			);
			mainGroup = 42CF0D852DDC55FE00F2402D;
			minimizedProjectReferenceProxies = 1;
			packageReferences = (
				42CF0DCE2DDC571400F2402D /* XCRemoteSwiftPackageReference "RxSwift" */,
				42CF0DD52DDC572500F2402D /* XCRemoteSwiftPackageReference "SnapKit" */,
			);
			preferredProjectObjectVersion = 77;
			productRefGroup = 42CF0D8F2DDC55FE00F2402D /* Products */;
			projectDirPath = "";
			projectRoot = "";
			targets = (
				42CF0D8D2DDC55FE00F2402D /* alarmApp */,
				42CF0DA62DDC55FF00F2402D /* alarmAppTests */,
				42CF0DB02DDC55FF00F2402D /* alarmAppUITests */,
			);
		};
/* End PBXProject section */

/* Begin PBXResourcesBuildPhase section */
		42CF0D8C2DDC55FE00F2402D /* Resources */ = {
			isa = PBXResourcesBuildPhase;
			buildActionMask = 2147483647;
			files = (
				42CF0EA12DDCA56200F2402D /* .gitignore in Resources */,
			);
			runOnlyForDeploymentPostprocessing = 0;
		};
		42CF0DA52DDC55FF00F2402D /* Resources */ = {
			isa = PBXResourcesBuildPhase;
			buildActionMask = 2147483647;
			files = (
			);
			runOnlyForDeploymentPostprocessing = 0;
		};
		42CF0DAF2DDC55FF00F2402D /* Resources */ = {
			isa = PBXResourcesBuildPhase;
			buildActionMask = 2147483647;
			files = (
			);
			runOnlyForDeploymentPostprocessing = 0;
		};
/* End PBXResourcesBuildPhase section */

/* Begin PBXSourcesBuildPhase section */
		42CF0D8A2DDC55FE00F2402D /* Sources */ = {
			isa = PBXSourcesBuildPhase;
			buildActionMask = 2147483647;
			files = (
				42CF0EA82DDCAF2400F2402D /* StopwatchRecord+CoreDataProperties.swift in Sources */,
				42CF0EAA2DDCAF2400F2402D /* Alarm+CoreDataProperties.swift in Sources */,
				42CF0EAC2DDCAF2400F2402D /* Alarm+CoreDataClass.swift in Sources */,
				42CF0EAD2DDCAF2400F2402D /* StopwatchRecord+CoreDataClass.swift in Sources */,
				42CF0EB02DDCB0DA00F2402D /* TimerEntity+CoreDataProperties.swift in Sources */,
				42CF0EB12DDCB0DA00F2402D /* TimerEntity+CoreDataClass.swift in Sources */,
			);
			runOnlyForDeploymentPostprocessing = 0;
		};
		42CF0DA32DDC55FF00F2402D /* Sources */ = {
			isa = PBXSourcesBuildPhase;
			buildActionMask = 2147483647;
			files = (
			);
			runOnlyForDeploymentPostprocessing = 0;
		};
		42CF0DAD2DDC55FF00F2402D /* Sources */ = {
			isa = PBXSourcesBuildPhase;
			buildActionMask = 2147483647;
			files = (
			);
			runOnlyForDeploymentPostprocessing = 0;
		};
/* End PBXSourcesBuildPhase section */

/* Begin PBXTargetDependency section */
		42CF0DA92DDC55FF00F2402D /* PBXTargetDependency */ = {
			isa = PBXTargetDependency;
			target = 42CF0D8D2DDC55FE00F2402D /* alarmApp */;
			targetProxy = 42CF0DA82DDC55FF00F2402D /* PBXContainerItemProxy */;
		};
		42CF0DB32DDC55FF00F2402D /* PBXTargetDependency */ = {
			isa = PBXTargetDependency;
			target = 42CF0D8D2DDC55FE00F2402D /* alarmApp */;
			targetProxy = 42CF0DB22DDC55FF00F2402D /* PBXContainerItemProxy */;
		};
/* End PBXTargetDependency section */

/* Begin XCBuildConfiguration section */
		42CF0DBB2DDC55FF00F2402D /* Debug */ = {
			isa = XCBuildConfiguration;
			buildSettings = {
				ASSETCATALOG_COMPILER_APPICON_NAME = AppIcon;
				ASSETCATALOG_COMPILER_GLOBAL_ACCENT_COLOR_NAME = AccentColor;
				CODE_SIGN_STYLE = Automatic;
				CURRENT_PROJECT_VERSION = 1;
				GENERATE_INFOPLIST_FILE = YES;
				INFOPLIST_FILE = alarmApp/Info.plist;
				INFOPLIST_KEY_UIApplicationSupportsIndirectInputEvents = YES;
				INFOPLIST_KEY_UILaunchStoryboardName = LaunchScreen;
				INFOPLIST_KEY_UIMainStoryboardFile = "";
				INFOPLIST_KEY_UISupportedInterfaceOrientations_iPad = "UIInterfaceOrientationPortrait UIInterfaceOrientationPortraitUpsideDown UIInterfaceOrientationLandscapeLeft UIInterfaceOrientationLandscapeRight";
				INFOPLIST_KEY_UISupportedInterfaceOrientations_iPhone = "UIInterfaceOrientationPortrait UIInterfaceOrientationLandscapeLeft UIInterfaceOrientationLandscapeRight";
				IPHONEOS_DEPLOYMENT_TARGET = 16.6;
				LD_RUNPATH_SEARCH_PATHS = (
					"$(inherited)",
					"@executable_path/Frameworks",
				);
				MARKETING_VERSION = 1.0;
				PRODUCT_BUNDLE_IDENTIFIER = com.cyg050217.112349.alarmApp;
				PRODUCT_NAME = "$(TARGET_NAME)";
				SWIFT_EMIT_LOC_STRINGS = YES;
				SWIFT_VERSION = 5.0;
				TARGETED_DEVICE_FAMILY = "1,2";
			};
			name = Debug;
		};
		42CF0DBC2DDC55FF00F2402D /* Release */ = {
			isa = XCBuildConfiguration;
			buildSettings = {
				ASSETCATALOG_COMPILER_APPICON_NAME = AppIcon;
				ASSETCATALOG_COMPILER_GLOBAL_ACCENT_COLOR_NAME = AccentColor;
				CODE_SIGN_STYLE = Automatic;
				CURRENT_PROJECT_VERSION = 1;
				GENERATE_INFOPLIST_FILE = YES;
				INFOPLIST_FILE = alarmApp/Info.plist;
				INFOPLIST_KEY_UIApplicationSupportsIndirectInputEvents = YES;
				INFOPLIST_KEY_UILaunchStoryboardName = LaunchScreen;
				INFOPLIST_KEY_UIMainStoryboardFile = "";
				INFOPLIST_KEY_UISupportedInterfaceOrientations_iPad = "UIInterfaceOrientationPortrait UIInterfaceOrientationPortraitUpsideDown UIInterfaceOrientationLandscapeLeft UIInterfaceOrientationLandscapeRight";
				INFOPLIST_KEY_UISupportedInterfaceOrientations_iPhone = "UIInterfaceOrientationPortrait UIInterfaceOrientationLandscapeLeft UIInterfaceOrientationLandscapeRight";
				IPHONEOS_DEPLOYMENT_TARGET = 16.6;
				LD_RUNPATH_SEARCH_PATHS = (
					"$(inherited)",
					"@executable_path/Frameworks",
				);
				MARKETING_VERSION = 1.0;
				PRODUCT_BUNDLE_IDENTIFIER = com.cyg050217.112349.alarmApp;
				PRODUCT_NAME = "$(TARGET_NAME)";
				SWIFT_EMIT_LOC_STRINGS = YES;
				SWIFT_VERSION = 5.0;
				TARGETED_DEVICE_FAMILY = "1,2";
			};
			name = Release;
		};
		42CF0DBD2DDC55FF00F2402D /* Debug */ = {
			isa = XCBuildConfiguration;
			buildSettings = {
				ALWAYS_SEARCH_USER_PATHS = NO;
				ASSETCATALOG_COMPILER_GENERATE_SWIFT_ASSET_SYMBOL_EXTENSIONS = YES;
				CLANG_ANALYZER_NONNULL = YES;
				CLANG_ANALYZER_NUMBER_OBJECT_CONVERSION = YES_AGGRESSIVE;
				CLANG_CXX_LANGUAGE_STANDARD = "gnu++20";
				CLANG_ENABLE_MODULES = YES;
				CLANG_ENABLE_OBJC_ARC = YES;
				CLANG_ENABLE_OBJC_WEAK = YES;
				CLANG_WARN_BLOCK_CAPTURE_AUTORELEASING = YES;
				CLANG_WARN_BOOL_CONVERSION = YES;
				CLANG_WARN_COMMA = YES;
				CLANG_WARN_CONSTANT_CONVERSION = YES;
				CLANG_WARN_DEPRECATED_OBJC_IMPLEMENTATIONS = YES;
				CLANG_WARN_DIRECT_OBJC_ISA_USAGE = YES_ERROR;
				CLANG_WARN_DOCUMENTATION_COMMENTS = YES;
				CLANG_WARN_EMPTY_BODY = YES;
				CLANG_WARN_ENUM_CONVERSION = YES;
				CLANG_WARN_INFINITE_RECURSION = YES;
				CLANG_WARN_INT_CONVERSION = YES;
				CLANG_WARN_NON_LITERAL_NULL_CONVERSION = YES;
				CLANG_WARN_OBJC_IMPLICIT_RETAIN_SELF = YES;
				CLANG_WARN_OBJC_LITERAL_CONVERSION = YES;
				CLANG_WARN_OBJC_ROOT_CLASS = YES_ERROR;
				CLANG_WARN_QUOTED_INCLUDE_IN_FRAMEWORK_HEADER = YES;
				CLANG_WARN_RANGE_LOOP_ANALYSIS = YES;
				CLANG_WARN_STRICT_PROTOTYPES = YES;
				CLANG_WARN_SUSPICIOUS_MOVE = YES;
				CLANG_WARN_UNGUARDED_AVAILABILITY = YES_AGGRESSIVE;
				CLANG_WARN_UNREACHABLE_CODE = YES;
				CLANG_WARN__DUPLICATE_METHOD_MATCH = YES;
				COPY_PHASE_STRIP = NO;
				DEBUG_INFORMATION_FORMAT = dwarf;
				ENABLE_STRICT_OBJC_MSGSEND = YES;
				ENABLE_TESTABILITY = YES;
				ENABLE_USER_SCRIPT_SANDBOXING = YES;
				GCC_C_LANGUAGE_STANDARD = gnu17;
				GCC_DYNAMIC_NO_PIC = NO;
				GCC_NO_COMMON_BLOCKS = YES;
				GCC_OPTIMIZATION_LEVEL = 0;
				GCC_PREPROCESSOR_DEFINITIONS = (
					"DEBUG=1",
					"$(inherited)",
				);
				GCC_WARN_64_TO_32_BIT_CONVERSION = YES;
				GCC_WARN_ABOUT_RETURN_TYPE = YES_ERROR;
				GCC_WARN_UNDECLARED_SELECTOR = YES;
				GCC_WARN_UNINITIALIZED_AUTOS = YES_AGGRESSIVE;
				GCC_WARN_UNUSED_FUNCTION = YES;
				GCC_WARN_UNUSED_VARIABLE = YES;
				IPHONEOS_DEPLOYMENT_TARGET = 18.4;
				LOCALIZATION_PREFERS_STRING_CATALOGS = YES;
				MTL_ENABLE_DEBUG_INFO = INCLUDE_SOURCE;
				MTL_FAST_MATH = YES;
				ONLY_ACTIVE_ARCH = YES;
				SDKROOT = iphoneos;
				SWIFT_ACTIVE_COMPILATION_CONDITIONS = "DEBUG $(inherited)";
				SWIFT_OPTIMIZATION_LEVEL = "-Onone";
			};
			name = Debug;
		};
		42CF0DBE2DDC55FF00F2402D /* Release */ = {
			isa = XCBuildConfiguration;
			buildSettings = {
				ALWAYS_SEARCH_USER_PATHS = NO;
				ASSETCATALOG_COMPILER_GENERATE_SWIFT_ASSET_SYMBOL_EXTENSIONS = YES;
				CLANG_ANALYZER_NONNULL = YES;
				CLANG_ANALYZER_NUMBER_OBJECT_CONVERSION = YES_AGGRESSIVE;
				CLANG_CXX_LANGUAGE_STANDARD = "gnu++20";
				CLANG_ENABLE_MODULES = YES;
				CLANG_ENABLE_OBJC_ARC = YES;
				CLANG_ENABLE_OBJC_WEAK = YES;
				CLANG_WARN_BLOCK_CAPTURE_AUTORELEASING = YES;
				CLANG_WARN_BOOL_CONVERSION = YES;
				CLANG_WARN_COMMA = YES;
				CLANG_WARN_CONSTANT_CONVERSION = YES;
				CLANG_WARN_DEPRECATED_OBJC_IMPLEMENTATIONS = YES;
				CLANG_WARN_DIRECT_OBJC_ISA_USAGE = YES_ERROR;
				CLANG_WARN_DOCUMENTATION_COMMENTS = YES;
				CLANG_WARN_EMPTY_BODY = YES;
				CLANG_WARN_ENUM_CONVERSION = YES;
				CLANG_WARN_INFINITE_RECURSION = YES;
				CLANG_WARN_INT_CONVERSION = YES;
				CLANG_WARN_NON_LITERAL_NULL_CONVERSION = YES;
				CLANG_WARN_OBJC_IMPLICIT_RETAIN_SELF = YES;
				CLANG_WARN_OBJC_LITERAL_CONVERSION = YES;
				CLANG_WARN_OBJC_ROOT_CLASS = YES_ERROR;
				CLANG_WARN_QUOTED_INCLUDE_IN_FRAMEWORK_HEADER = YES;
				CLANG_WARN_RANGE_LOOP_ANALYSIS = YES;
				CLANG_WARN_STRICT_PROTOTYPES = YES;
				CLANG_WARN_SUSPICIOUS_MOVE = YES;
				CLANG_WARN_UNGUARDED_AVAILABILITY = YES_AGGRESSIVE;
				CLANG_WARN_UNREACHABLE_CODE = YES;
				CLANG_WARN__DUPLICATE_METHOD_MATCH = YES;
				COPY_PHASE_STRIP = NO;
				DEBUG_INFORMATION_FORMAT = "dwarf-with-dsym";
				ENABLE_NS_ASSERTIONS = NO;
				ENABLE_STRICT_OBJC_MSGSEND = YES;
				ENABLE_USER_SCRIPT_SANDBOXING = YES;
				GCC_C_LANGUAGE_STANDARD = gnu17;
				GCC_NO_COMMON_BLOCKS = YES;
				GCC_WARN_64_TO_32_BIT_CONVERSION = YES;
				GCC_WARN_ABOUT_RETURN_TYPE = YES_ERROR;
				GCC_WARN_UNDECLARED_SELECTOR = YES;
				GCC_WARN_UNINITIALIZED_AUTOS = YES_AGGRESSIVE;
				GCC_WARN_UNUSED_FUNCTION = YES;
				GCC_WARN_UNUSED_VARIABLE = YES;
				IPHONEOS_DEPLOYMENT_TARGET = 18.4;
				LOCALIZATION_PREFERS_STRING_CATALOGS = YES;
				MTL_ENABLE_DEBUG_INFO = NO;
				MTL_FAST_MATH = YES;
				SDKROOT = iphoneos;
				SWIFT_COMPILATION_MODE = wholemodule;
				VALIDATE_PRODUCT = YES;
			};
			name = Release;
		};
		42CF0DC02DDC55FF00F2402D /* Debug */ = {
			isa = XCBuildConfiguration;
			buildSettings = {
				BUNDLE_LOADER = "$(TEST_HOST)";
				CODE_SIGN_STYLE = Automatic;
				CURRENT_PROJECT_VERSION = 1;
				GENERATE_INFOPLIST_FILE = YES;
				IPHONEOS_DEPLOYMENT_TARGET = 18.4;
				MARKETING_VERSION = 1.0;
				PRODUCT_BUNDLE_IDENTIFIER = com.cyg050217.112349.alarmAppTests;
				PRODUCT_NAME = "$(TARGET_NAME)";
				SWIFT_EMIT_LOC_STRINGS = NO;
				SWIFT_VERSION = 5.0;
				TARGETED_DEVICE_FAMILY = "1,2";
				TEST_HOST = "$(BUILT_PRODUCTS_DIR)/alarmApp.app/$(BUNDLE_EXECUTABLE_FOLDER_PATH)/alarmApp";
			};
			name = Debug;
		};
		42CF0DC12DDC55FF00F2402D /* Release */ = {
			isa = XCBuildConfiguration;
			buildSettings = {
				BUNDLE_LOADER = "$(TEST_HOST)";
				CODE_SIGN_STYLE = Automatic;
				CURRENT_PROJECT_VERSION = 1;
				GENERATE_INFOPLIST_FILE = YES;
				IPHONEOS_DEPLOYMENT_TARGET = 18.4;
				MARKETING_VERSION = 1.0;
				PRODUCT_BUNDLE_IDENTIFIER = com.cyg050217.112349.alarmAppTests;
				PRODUCT_NAME = "$(TARGET_NAME)";
				SWIFT_EMIT_LOC_STRINGS = NO;
				SWIFT_VERSION = 5.0;
				TARGETED_DEVICE_FAMILY = "1,2";
				TEST_HOST = "$(BUILT_PRODUCTS_DIR)/alarmApp.app/$(BUNDLE_EXECUTABLE_FOLDER_PATH)/alarmApp";
			};
			name = Release;
		};
		42CF0DC32DDC55FF00F2402D /* Debug */ = {
			isa = XCBuildConfiguration;
			buildSettings = {
				CODE_SIGN_STYLE = Automatic;
				CURRENT_PROJECT_VERSION = 1;
				GENERATE_INFOPLIST_FILE = YES;
				MARKETING_VERSION = 1.0;
				PRODUCT_BUNDLE_IDENTIFIER = com.cyg050217.112349.alarmAppUITests;
				PRODUCT_NAME = "$(TARGET_NAME)";
				SWIFT_EMIT_LOC_STRINGS = NO;
				SWIFT_VERSION = 5.0;
				TARGETED_DEVICE_FAMILY = "1,2";
				TEST_TARGET_NAME = alarmApp;
			};
			name = Debug;
		};
		42CF0DC42DDC55FF00F2402D /* Release */ = {
			isa = XCBuildConfiguration;
			buildSettings = {
				CODE_SIGN_STYLE = Automatic;
				CURRENT_PROJECT_VERSION = 1;
				GENERATE_INFOPLIST_FILE = YES;
				MARKETING_VERSION = 1.0;
				PRODUCT_BUNDLE_IDENTIFIER = com.cyg050217.112349.alarmAppUITests;
				PRODUCT_NAME = "$(TARGET_NAME)";
				SWIFT_EMIT_LOC_STRINGS = NO;
				SWIFT_VERSION = 5.0;
				TARGETED_DEVICE_FAMILY = "1,2";
				TEST_TARGET_NAME = alarmApp;
			};
			name = Release;
		};
/* End XCBuildConfiguration section */

/* Begin XCConfigurationList section */
		42CF0D892DDC55FE00F2402D /* Build configuration list for PBXProject "alarmApp" */ = {
			isa = XCConfigurationList;
			buildConfigurations = (
				42CF0DBD2DDC55FF00F2402D /* Debug */,
				42CF0DBE2DDC55FF00F2402D /* Release */,
			);
			defaultConfigurationIsVisible = 0;
			defaultConfigurationName = Release;
		};
		42CF0DBA2DDC55FF00F2402D /* Build configuration list for PBXNativeTarget "alarmApp" */ = {
			isa = XCConfigurationList;
			buildConfigurations = (
				42CF0DBB2DDC55FF00F2402D /* Debug */,
				42CF0DBC2DDC55FF00F2402D /* Release */,
			);
			defaultConfigurationIsVisible = 0;
			defaultConfigurationName = Release;
		};
		42CF0DBF2DDC55FF00F2402D /* Build configuration list for PBXNativeTarget "alarmAppTests" */ = {
			isa = XCConfigurationList;
			buildConfigurations = (
				42CF0DC02DDC55FF00F2402D /* Debug */,
				42CF0DC12DDC55FF00F2402D /* Release */,
			);
			defaultConfigurationIsVisible = 0;
			defaultConfigurationName = Release;
		};
		42CF0DC22DDC55FF00F2402D /* Build configuration list for PBXNativeTarget "alarmAppUITests" */ = {
			isa = XCConfigurationList;
			buildConfigurations = (
				42CF0DC32DDC55FF00F2402D /* Debug */,
				42CF0DC42DDC55FF00F2402D /* Release */,
			);
			defaultConfigurationIsVisible = 0;
			defaultConfigurationName = Release;
		};
/* End XCConfigurationList section */

/* Begin XCRemoteSwiftPackageReference section */
		42CF0DCE2DDC571400F2402D /* XCRemoteSwiftPackageReference "RxSwift" */ = {
			isa = XCRemoteSwiftPackageReference;
			repositoryURL = "https://github.com/ReactiveX/RxSwift.git";
			requirement = {
				kind = upToNextMajorVersion;
				minimumVersion = 6.9.0;
			};
		};
		42CF0DD52DDC572500F2402D /* XCRemoteSwiftPackageReference "SnapKit" */ = {
			isa = XCRemoteSwiftPackageReference;
			repositoryURL = "https://github.com/SnapKit/SnapKit.git";
			requirement = {
				kind = upToNextMajorVersion;
				minimumVersion = 5.7.1;
			};
		};
/* End XCRemoteSwiftPackageReference section */

/* Begin XCSwiftPackageProductDependency section */
		42CF0DCF2DDC571400F2402D /* RxCocoa */ = {
			isa = XCSwiftPackageProductDependency;
			package = 42CF0DCE2DDC571400F2402D /* XCRemoteSwiftPackageReference "RxSwift" */;
			productName = RxCocoa;
		};
		42CF0DD12DDC571400F2402D /* RxRelay */ = {
			isa = XCSwiftPackageProductDependency;
			package = 42CF0DCE2DDC571400F2402D /* XCRemoteSwiftPackageReference "RxSwift" */;
			productName = RxRelay;
		};
		42CF0DD32DDC571400F2402D /* RxSwift */ = {
			isa = XCSwiftPackageProductDependency;
			package = 42CF0DCE2DDC571400F2402D /* XCRemoteSwiftPackageReference "RxSwift" */;
			productName = RxSwift;
		};
		42CF0DD62DDC572500F2402D /* SnapKit */ = {
			isa = XCSwiftPackageProductDependency;
			package = 42CF0DD52DDC572500F2402D /* XCRemoteSwiftPackageReference "SnapKit" */;
			productName = SnapKit;
		};
/* End XCSwiftPackageProductDependency section */
	};
	rootObject = 42CF0D862DDC55FE00F2402D /* Project object */;
}
